
Microsoft Visual Studio Solution File, Format Version 12.00
# Visual Studio Version 16
VisualStudioVersion = 16.0.30128.74
MinimumVisualStudioVersion = 10.0.40219.1
Project("{FAE04EC0-301F-11D3-BF4B-00C04F79EFBC}") = "SportStore", "SportStore\SportStore.csproj", "{E48CAAF1-1B9B-4548-B72F-E215C4727C44}"
EndProject
Global
	GlobalSection(SolutionConfigurationPlatforms) = preSolution
		Debug|Any CPU = Debug|Any CPU
		Release|Any CPU = Release|Any CPU
	EndGlobalSection
	GlobalSection(ProjectConfigurationPlatforms) = postSolution
		{E48CAAF1-1B9B-4548-B72F-E215C4727C44}.Debug|Any CPU.ActiveCfg = Debug|Any CPU
		{E48CAAF1-1B9B-4548-B72F-E215C4727C44}.Debug|Any CPU.Build.0 = Debug|Any CPU
		{E48CAAF1-1B9B-4548-B72F-E215C4727C44}.Release|Any CPU.ActiveCfg = Release|Any CPU
		{E48CAAF1-1B9B-4548-B72F-E215C4727C44}.Release|Any CPU.Build.0 = Release|Any CPU
	EndGlobalSection
	GlobalSection(SolutionProperties) = preSolution
		HideSolutionNode = FALSE
	EndGlobalSection
	GlobalSection(ExtensibilityGlobals) = postSolution
		SolutionGuid = {B80A8C9F-4DE1-4383-BFA8-554CFB0AFAE8}
	EndGlobalSection
EndGlobal
